
Microsoft Visual Studio Solution File, Format Version 12.00
# Visual Studio Version 17
VisualStudioVersion = 17.3.32929.385
MinimumVisualStudioVersion = 10.0.40219.1
Project("{FAE04EC0-301F-11D3-BF4B-00C04F79EFBC}") = "WorkshopPrograms", "WorkshopPrograms.csproj", "{C361E0F0-0DFD-4E90-8430-61A66C358175}"
EndProject
Global
	GlobalSection(SolutionConfigurationPlatforms) = preSolution
		Debug|Any CPU = Debug|Any CPU
		Release|Any CPU = Release|Any CPU
	EndGlobalSection
	GlobalSection(ProjectConfigurationPlatforms) = postSolution
		{C361E0F0-0DFD-4E90-8430-61A66C358175}.Debug|Any CPU.ActiveCfg = Debug|Any CPU
		{C361E0F0-0DFD-4E90-8430-61A66C358175}.Debug|Any CPU.Build.0 = Debug|Any CPU
		{C361E0F0-0DFD-4E90-8430-61A66C358175}.Release|Any CPU.ActiveCfg = Release|Any CPU
		{C361E0F0-0DFD-4E90-8430-61A66C358175}.Release|Any CPU.Build.0 = Release|Any CPU
	EndGlobalSection
	GlobalSection(SolutionProperties) = preSolution
		HideSolutionNode = FALSE
	EndGlobalSection
	GlobalSection(ExtensibilityGlobals) = postSolution
		SolutionGuid = {93509065-5841-4BD3-995D-B1F8320C6927}
	EndGlobalSection
EndGlobal
